
Microsoft Visual Studio Solution File, Format Version 12.00
# Visual Studio Version 17
VisualStudioVersion = 17.14.36623.8 d17.14
MinimumVisualStudioVersion = 10.0.40219.1
Project("{FAE04EC0-301F-11D3-BF4B-00C04F79EFBC}") = "ECommerceWithEmail", "ECommerceWithEmail.csproj", "{7ED720CD-DD4C-42CB-A372-2251530FCBDD}"
EndProject
Project("{FAE04EC0-301F-11D3-BF4B-00C04F79EFBC}") = "DataAccess", "..\DataAccess\DataAccess.csproj", "{BCB89154-B6D4-49E1-B667-F35992E10E7F}"
EndProject
Project("{FAE04EC0-301F-11D3-BF4B-00C04F79EFBC}") = "Interfaces", "..\Interfaces\Interfaces.csproj", "{0AEB19EB-A7D0-4D6F-BB17-DEECD6BB490A}"
EndProject
Project("{FAE04EC0-301F-11D3-BF4B-00C04F79EFBC}") = "Managers", "..\Managers\Managers.csproj", "{F48C6BC5-145D-49BC-B8F8-2185158B438B}"
EndProject
Project("{FAE04EC0-301F-11D3-BF4B-00C04F79EFBC}") = "Models", "..\Models\Models.csproj", "{CC55E7CE-3D2F-4224-BBB7-ABB436A4DCDD}"
EndProject
Global
	GlobalSection(SolutionConfigurationPlatforms) = preSolution
		Debug|Any CPU = Debug|Any CPU
		Release|Any CPU = Release|Any CPU
	EndGlobalSection
	GlobalSection(ProjectConfigurationPlatforms) = postSolution
		{7ED720CD-DD4C-42CB-A372-2251530FCBDD}.Debug|Any CPU.ActiveCfg = Debug|Any CPU
		{7ED720CD-DD4C-42CB-A372-2251530FCBDD}.Debug|Any CPU.Build.0 = Debug|Any CPU
		{7ED720CD-DD4C-42CB-A372-2251530FCBDD}.Release|Any CPU.ActiveCfg = Release|Any CPU
		{7ED720CD-DD4C-42CB-A372-2251530FCBDD}.Release|Any CPU.Build.0 = Release|Any CPU
		{BCB89154-B6D4-49E1-B667-F35992E10E7F}.Debug|Any CPU.ActiveCfg = Debug|Any CPU
		{BCB89154-B6D4-49E1-B667-F35992E10E7F}.Debug|Any CPU.Build.0 = Debug|Any CPU
		{BCB89154-B6D4-49E1-B667-F35992E10E7F}.Release|Any CPU.ActiveCfg = Release|Any CPU
		{BCB89154-B6D4-49E1-B667-F35992E10E7F}.Release|Any CPU.Build.0 = Release|Any CPU
		{0AEB19EB-A7D0-4D6F-BB17-DEECD6BB490A}.Debug|Any CPU.ActiveCfg = Debug|Any CPU
		{0AEB19EB-A7D0-4D6F-BB17-DEECD6BB490A}.Debug|Any CPU.Build.0 = Debug|Any CPU
		{0AEB19EB-A7D0-4D6F-BB17-DEECD6BB490A}.Release|Any CPU.ActiveCfg = Release|Any CPU
		{0AEB19EB-A7D0-4D6F-BB17-DEECD6BB490A}.Release|Any CPU.Build.0 = Release|Any CPU
		{F48C6BC5-145D-49BC-B8F8-2185158B438B}.Debug|Any CPU.ActiveCfg = Debug|Any CPU
		{F48C6BC5-145D-49BC-B8F8-2185158B438B}.Debug|Any CPU.Build.0 = Debug|Any CPU
		{F48C6BC5-145D-49BC-B8F8-2185158B438B}.Release|Any CPU.ActiveCfg = Release|Any CPU
		{F48C6BC5-145D-49BC-B8F8-2185158B438B}.Release|Any CPU.Build.0 = Release|Any CPU
		{CC55E7CE-3D2F-4224-BBB7-ABB436A4DCDD}.Debug|Any CPU.ActiveCfg = Debug|Any CPU
		{CC55E7CE-3D2F-4224-BBB7-ABB436A4DCDD}.Debug|Any CPU.Build.0 = Debug|Any CPU
		{CC55E7CE-3D2F-4224-BBB7-ABB436A4DCDD}.Release|Any CPU.ActiveCfg = Release|Any CPU
		{CC55E7CE-3D2F-4224-BBB7-ABB436A4DCDD}.Release|Any CPU.Build.0 = Release|Any CPU
	EndGlobalSection
	GlobalSection(SolutionProperties) = preSolution
		HideSolutionNode = FALSE
	EndGlobalSection
	GlobalSection(ExtensibilityGlobals) = postSolution
		SolutionGuid = {7CCBC79B-D180-4EF6-A028-6713367D7296}
	EndGlobalSection
EndGlobal
